
Microsoft Visual Studio Solution File, Format Version 12.00
# Visual Studio 15
VisualStudioVersion = 15.0.27130.2036
MinimumVisualStudioVersion = 10.0.40219.1
Project("{FAE04EC0-301F-11D3-BF4B-00C04F79EFBC}") = "WinAppMultithreading", "WinAppMultithreading\WinAppMultithreading.csproj", "{B2015EC3-C380-4C91-8074-E3E3302C3945}"
EndProject
Global
	GlobalSection(SolutionConfigurationPlatforms) = preSolution
		Debug|Any CPU = Debug|Any CPU
		Release|Any CPU = Release|Any CPU
	EndGlobalSection
	GlobalSection(ProjectConfigurationPlatforms) = postSolution
		{B2015EC3-C380-4C91-8074-E3E3302C3945}.Debug|Any CPU.ActiveCfg = Debug|Any CPU
		{B2015EC3-C380-4C91-8074-E3E3302C3945}.Debug|Any CPU.Build.0 = Debug|Any CPU
		{B2015EC3-C380-4C91-8074-E3E3302C3945}.Release|Any CPU.ActiveCfg = Release|Any CPU
		{B2015EC3-C380-4C91-8074-E3E3302C3945}.Release|Any CPU.Build.0 = Release|Any CPU
	EndGlobalSection
	GlobalSection(SolutionProperties) = preSolution
		HideSolutionNode = FALSE
	EndGlobalSection
	GlobalSection(ExtensibilityGlobals) = postSolution
		SolutionGuid = {18E973BB-1D8B-42BD-AA59-EA6E1B462A82}
	EndGlobalSection
EndGlobal
